
Microsoft Visual Studio Solution File, Format Version 12.00
# Visual Studio 14
VisualStudioVersion = 14.0.25123.0
MinimumVisualStudioVersion = 10.0.40219.1
Project("{FAE04EC0-301F-11D3-BF4B-00C04F79EFBC}") = "DealCrash", "DealCrash\DealCrash.csproj", "{7B277454-5F34-487E-B13E-BFC32F39241B}"
<DebugType Condition="'$(OS)' != 'Windows_NT'">portable</DebugType>
<DebugType>pdbonly</DebugType>
EndProject
Global
	GlobalSection(SolutionConfigurationPlatforms) = preSolution
		Debug|Any CPU = Debug|Any CPU
		Release|Any CPU = Release|Any CPU
	EndGlobalSection
	GlobalSection(ProjectConfigurationPlatforms) = postSolution
		{7B277454-5F34-487E-B13E-BFC32F39241B}.Debug|Any CPU.ActiveCfg = Debug|Any CPU
		{7B277454-5F34-487E-B13E-BFC32F39241B}.Debug|Any CPU.Build.0 = Debug|Any CPU
		{7B277454-5F34-487E-B13E-BFC32F39241B}.Release|Any CPU.ActiveCfg = Release|Any CPU
		{7B277454-5F34-487E-B13E-BFC32F39241B}.Release|Any CPU.Build.0 = Release|Any CPU
	EndGlobalSection
	GlobalSection(SolutionProperties) = preSolution
		HideSolutionNode = FALSE
	EndGlobalSection
EndGlobal
